// !$*UTF8*$!
{
	archiveVersion = 1;
	classes = {
	};
	objectVersion = 56;
	objects = {

/* Begin PBXBuildFile section */
		273A605129E02F1A007CA6F0 /* SwiftSignalKit.h in Headers */ = {isa = PBXBuildFile; fileRef = 273A605029E02F1A007CA6F0 /* SwiftSignalKit.h */; settings = {ATTRIBUTES = (Public, ); }; };
		273A607229E02F27007CA6F0 /* Subscriber.swift in Sources */ = {isa = PBXBuildFile; fileRef = 273A605829E02F27007CA6F0 /* Subscriber.swift */; };
		273A607329E02F27007CA6F0 /* ThreadPool.swift in Sources */ = {isa = PBXBuildFile; fileRef = 273A605929E02F27007CA6F0 /* ThreadPool.swift */; };
		273A607429E02F27007CA6F0 /* Signal_Catch.swift in Sources */ = {isa = PBXBuildFile; fileRef = 273A605A29E02F27007CA6F0 /* Signal_Catch.swift */; };
		273A607529E02F27007CA6F0 /* Signal_Materialize.swift in Sources */ = {isa = PBXBuildFile; fileRef = 273A605B29E02F27007CA6F0 /* Signal_Materialize.swift */; };
		273A607629E02F27007CA6F0 /* Signal_Reduce.swift in Sources */ = {isa = PBXBuildFile; fileRef = 273A605C29E02F27007CA6F0 /* Signal_Reduce.swift */; };
		273A607729E02F27007CA6F0 /* Signal_Merge.swift in Sources */ = {isa = PBXBuildFile; fileRef = 273A605D29E02F27007CA6F0 /* Signal_Merge.swift */; };
		273A607829E02F27007CA6F0 /* Signal_Mapping.swift in Sources */ = {isa = PBXBuildFile; fileRef = 273A605E29E02F27007CA6F0 /* Signal_Mapping.swift */; };
		273A607929E02F27007CA6F0 /* Lock.swift in Sources */ = {isa = PBXBuildFile; fileRef = 273A605F29E02F27007CA6F0 /* Lock.swift */; };
		273A607A29E02F27007CA6F0 /* Timer.swift in Sources */ = {isa = PBXBuildFile; fileRef = 273A606029E02F27007CA6F0 /* Timer.swift */; };
		273A607B29E02F27007CA6F0 /* Signal_Dispatch.swift in Sources */ = {isa = PBXBuildFile; fileRef = 273A606129E02F27007CA6F0 /* Signal_Dispatch.swift */; };
		273A607C29E02F27007CA6F0 /* QueueLocalObject.swift in Sources */ = {isa = PBXBuildFile; fileRef = 273A606229E02F27007CA6F0 /* QueueLocalObject.swift */; };
		273A607D29E02F27007CA6F0 /* Disposable.swift in Sources */ = {isa = PBXBuildFile; fileRef = 273A606329E02F27007CA6F0 /* Disposable.swift */; };
		273A607E29E02F27007CA6F0 /* Multicast.swift in Sources */ = {isa = PBXBuildFile; fileRef = 273A606429E02F27007CA6F0 /* Multicast.swift */; };
		273A607F29E02F27007CA6F0 /* Bag.swift in Sources */ = {isa = PBXBuildFile; fileRef = 273A606529E02F27007CA6F0 /* Bag.swift */; };
		273A608029E02F27007CA6F0 /* Signal_Single.swift in Sources */ = {isa = PBXBuildFile; fileRef = 273A606629E02F27007CA6F0 /* Signal_Single.swift */; };
		273A608129E02F27007CA6F0 /* Signal_Take.swift in Sources */ = {isa = PBXBuildFile; fileRef = 273A606729E02F27007CA6F0 /* Signal_Take.swift */; };
		273A608229E02F27007CA6F0 /* Signal_SideEffects.swift in Sources */ = {isa = PBXBuildFile; fileRef = 273A606829E02F27007CA6F0 /* Signal_SideEffects.swift */; };
		273A608329E02F27007CA6F0 /* Promise.swift in Sources */ = {isa = PBXBuildFile; fileRef = 273A606929E02F27007CA6F0 /* Promise.swift */; };
		273A608429E02F27007CA6F0 /* Queue.swift in Sources */ = {isa = PBXBuildFile; fileRef = 273A606A29E02F27007CA6F0 /* Queue.swift */; };
		273A608529E02F27007CA6F0 /* Atomic.swift in Sources */ = {isa = PBXBuildFile; fileRef = 273A606B29E02F27007CA6F0 /* Atomic.swift */; };
		273A608629E02F27007CA6F0 /* ValuePipe.swift in Sources */ = {isa = PBXBuildFile; fileRef = 273A606C29E02F27007CA6F0 /* ValuePipe.swift */; };
		273A608729E02F27007CA6F0 /* Signal_Loop.swift in Sources */ = {isa = PBXBuildFile; fileRef = 273A606D29E02F27007CA6F0 /* Signal_Loop.swift */; };
		273A608829E02F27007CA6F0 /* Signal.swift in Sources */ = {isa = PBXBuildFile; fileRef = 273A606E29E02F27007CA6F0 /* Signal.swift */; };
		273A608929E02F27007CA6F0 /* Signal_Combine.swift in Sources */ = {isa = PBXBuildFile; fileRef = 273A606F29E02F27007CA6F0 /* Signal_Combine.swift */; };
		273A608A29E02F27007CA6F0 /* Signal_Timing.swift in Sources */ = {isa = PBXBuildFile; fileRef = 273A607029E02F27007CA6F0 /* Signal_Timing.swift */; };
		273A608B29E02F27007CA6F0 /* Signal_Meta.swift in Sources */ = {isa = PBXBuildFile; fileRef = 273A607129E02F27007CA6F0 /* Signal_Meta.swift */; };
/* End PBXBuildFile section */

/* Begin PBXFileReference section */
		273A604D29E02F19007CA6F0 /* SwiftSignalKit.framework */ = {isa = PBXFileReference; explicitFileType = wrapper.framework; includeInIndex = 0; path = SwiftSignalKit.framework; sourceTree = BUILT_PRODUCTS_DIR; };
		273A605029E02F1A007CA6F0 /* SwiftSignalKit.h */ = {isa = PBXFileReference; lastKnownFileType = sourcecode.c.h; path = SwiftSignalKit.h; sourceTree = "<group>"; };
		273A605829E02F27007CA6F0 /* Subscriber.swift */ = {isa = PBXFileReference; fileEncoding = 4; lastKnownFileType = sourcecode.swift; path = Subscriber.swift; sourceTree = "<group>"; };
		273A605929E02F27007CA6F0 /* ThreadPool.swift */ = {isa = PBXFileReference; fileEncoding = 4; lastKnownFileType = sourcecode.swift; path = ThreadPool.swift; sourceTree = "<group>"; };
		273A605A29E02F27007CA6F0 /* Signal_Catch.swift */ = {isa = PBXFileReference; fileEncoding = 4; lastKnownFileType = sourcecode.swift; path = Signal_Catch.swift; sourceTree = "<group>"; };
		273A605B29E02F27007CA6F0 /* Signal_Materialize.swift */ = {isa = PBXFileReference; fileEncoding = 4; lastKnownFileType = sourcecode.swift; path = Signal_Materialize.swift; sourceTree = "<group>"; };
		273A605C29E02F27007CA6F0 /* Signal_Reduce.swift */ = {isa = PBXFileReference; fileEncoding = 4; lastKnownFileType = sourcecode.swift; path = Signal_Reduce.swift; sourceTree = "<group>"; };
		273A605D29E02F27007CA6F0 /* Signal_Merge.swift */ = {isa = PBXFileReference; fileEncoding = 4; lastKnownFileType = sourcecode.swift; path = Signal_Merge.swift; sourceTree = "<group>"; };
		273A605E29E02F27007CA6F0 /* Signal_Mapping.swift */ = {isa = PBXFileReference; fileEncoding = 4; lastKnownFileType = sourcecode.swift; path = Signal_Mapping.swift; sourceTree = "<group>"; };
		273A605F29E02F27007CA6F0 /* Lock.swift */ = {isa = PBXFileReference; fileEncoding = 4; lastKnownFileType = sourcecode.swift; path = Lock.swift; sourceTree = "<group>"; };
		273A606029E02F27007CA6F0 /* Timer.swift */ = {isa = PBXFileReference; fileEncoding = 4; lastKnownFileType = sourcecode.swift; path = Timer.swift; sourceTree = "<group>"; };
		273A606129E02F27007CA6F0 /* Signal_Dispatch.swift */ = {isa = PBXFileReference; fileEncoding = 4; lastKnownFileType = sourcecode.swift; path = Signal_Dispatch.swift; sourceTree = "<group>"; };
		273A606229E02F27007CA6F0 /* QueueLocalObject.swift */ = {isa = PBXFileReference; fileEncoding = 4; lastKnownFileType = sourcecode.swift; path = QueueLocalObject.swift; sourceTree = "<group>"; };
		273A606329E02F27007CA6F0 /* Disposable.swift */ = {isa = PBXFileReference; fileEncoding = 4; lastKnownFileType = sourcecode.swift; path = Disposable.swift; sourceTree = "<group>"; };
		273A606429E02F27007CA6F0 /* Multicast.swift */ = {isa = PBXFileReference; fileEncoding = 4; lastKnownFileType = sourcecode.swift; path = Multicast.swift; sourceTree = "<group>"; };
		273A606529E02F27007CA6F0 /* Bag.swift */ = {isa = PBXFileReference; fileEncoding = 4; lastKnownFileType = sourcecode.swift; path = Bag.swift; sourceTree = "<group>"; };
		273A606629E02F27007CA6F0 /* Signal_Single.swift */ = {isa = PBXFileReference; fileEncoding = 4; lastKnownFileType = sourcecode.swift; path = Signal_Single.swift; sourceTree = "<group>"; };
		273A606729E02F27007CA6F0 /* Signal_Take.swift */ = {isa = PBXFileReference; fileEncoding = 4; lastKnownFileType = sourcecode.swift; path = Signal_Take.swift; sourceTree = "<group>"; };
		273A606829E02F27007CA6F0 /* Signal_SideEffects.swift */ = {isa = PBXFileReference; fileEncoding = 4; lastKnownFileType = sourcecode.swift; path = Signal_SideEffects.swift; sourceTree = "<group>"; };
		273A606929E02F27007CA6F0 /* Promise.swift */ = {isa = PBXFileReference; fileEncoding = 4; lastKnownFileType = sourcecode.swift; path = Promise.swift; sourceTree = "<group>"; };
		273A606A29E02F27007CA6F0 /* Queue.swift */ = {isa = PBXFileReference; fileEncoding = 4; lastKnownFileType = sourcecode.swift; path = Queue.swift; sourceTree = "<group>"; };
		273A606B29E02F27007CA6F0 /* Atomic.swift */ = {isa = PBXFileReference; fileEncoding = 4; lastKnownFileType = sourcecode.swift; path = Atomic.swift; sourceTree = "<group>"; };
		273A606C29E02F27007CA6F0 /* ValuePipe.swift */ = {isa = PBXFileReference; fileEncoding = 4; lastKnownFileType = sourcecode.swift; path = ValuePipe.swift; sourceTree = "<group>"; };
		273A606D29E02F27007CA6F0 /* Signal_Loop.swift */ = {isa = PBXFileReference; fileEncoding = 4; lastKnownFileType = sourcecode.swift; path = Signal_Loop.swift; sourceTree = "<group>"; };
		273A606E29E02F27007CA6F0 /* Signal.swift */ = {isa = PBXFileReference; fileEncoding = 4; lastKnownFileType = sourcecode.swift; path = Signal.swift; sourceTree = "<group>"; };
		273A606F29E02F27007CA6F0 /* Signal_Combine.swift */ = {isa = PBXFileReference; fileEncoding = 4; lastKnownFileType = sourcecode.swift; path = Signal_Combine.swift; sourceTree = "<group>"; };
		273A607029E02F27007CA6F0 /* Signal_Timing.swift */ = {isa = PBXFileReference; fileEncoding = 4; lastKnownFileType = sourcecode.swift; path = Signal_Timing.swift; sourceTree = "<group>"; };
		273A607129E02F27007CA6F0 /* Signal_Meta.swift */ = {isa = PBXFileReference; fileEncoding = 4; lastKnownFileType = sourcecode.swift; path = Signal_Meta.swift; sourceTree = "<group>"; };
/* End PBXFileReference section */

/* Begin PBXFrameworksBuildPhase section */
		273A604A29E02F19007CA6F0 /* Frameworks */ = {
			isa = PBXFrameworksBuildPhase;
			buildActionMask = 2147483647;
			files = (
			);
			runOnlyForDeploymentPostprocessing = 0;
		};
/* End PBXFrameworksBuildPhase section */

/* Begin PBXGroup section */
		273A604329E02F19007CA6F0 = {
			isa = PBXGroup;
			children = (
				273A604F29E02F1A007CA6F0 /* SwiftSignalKit */,
				273A604E29E02F19007CA6F0 /* Products */,
			);
			sourceTree = "<group>";
		};
		273A604E29E02F19007CA6F0 /* Products */ = {
			isa = PBXGroup;
			children = (
				273A604D29E02F19007CA6F0 /* SwiftSignalKit.framework */,
			);
			name = Products;
			sourceTree = "<group>";
		};
		273A604F29E02F1A007CA6F0 /* SwiftSignalKit */ = {
			isa = PBXGroup;
			children = (
				273A605729E02F27007CA6F0 /* Source */,
				273A605029E02F1A007CA6F0 /* SwiftSignalKit.h */,
			);
			path = SwiftSignalKit;
			sourceTree = "<group>";
		};
		273A605729E02F27007CA6F0 /* Source */ = {
			isa = PBXGroup;
			children = (
				273A605829E02F27007CA6F0 /* Subscriber.swift */,
				273A605929E02F27007CA6F0 /* ThreadPool.swift */,
				273A605A29E02F27007CA6F0 /* Signal_Catch.swift */,
				273A605B29E02F27007CA6F0 /* Signal_Materialize.swift */,
				273A605C29E02F27007CA6F0 /* Signal_Reduce.swift */,
				273A605D29E02F27007CA6F0 /* Signal_Merge.swift */,
				273A605E29E02F27007CA6F0 /* Signal_Mapping.swift */,
				273A605F29E02F27007CA6F0 /* Lock.swift */,
				273A606029E02F27007CA6F0 /* Timer.swift */,
				273A606129E02F27007CA6F0 /* Signal_Dispatch.swift */,
				273A606229E02F27007CA6F0 /* QueueLocalObject.swift */,
				273A606329E02F27007CA6F0 /* Disposable.swift */,
				273A606429E02F27007CA6F0 /* Multicast.swift */,
				273A606529E02F27007CA6F0 /* Bag.swift */,
				273A606629E02F27007CA6F0 /* Signal_Single.swift */,
				273A606729E02F27007CA6F0 /* Signal_Take.swift */,
				273A606829E02F27007CA6F0 /* Signal_SideEffects.swift */,
				273A606929E02F27007CA6F0 /* Promise.swift */,
				273A606A29E02F27007CA6F0 /* Queue.swift */,
				273A606B29E02F27007CA6F0 /* Atomic.swift */,
				273A606C29E02F27007CA6F0 /* ValuePipe.swift */,
				273A606D29E02F27007CA6F0 /* Signal_Loop.swift */,
				273A606E29E02F27007CA6F0 /* Signal.swift */,
				273A606F29E02F27007CA6F0 /* Signal_Combine.swift */,
				273A607029E02F27007CA6F0 /* Signal_Timing.swift */,
				273A607129E02F27007CA6F0 /* Signal_Meta.swift */,
			);
			path = Source;
			sourceTree = "<group>";
		};
/* End PBXGroup section */

/* Begin PBXHeadersBuildPhase section */
		273A604829E02F19007CA6F0 /* Headers */ = {
			isa = PBXHeadersBuildPhase;
			buildActionMask = 2147483647;
			files = (
				273A605129E02F1A007CA6F0 /* SwiftSignalKit.h in Headers */,
			);
			runOnlyForDeploymentPostprocessing = 0;
		};
/* End PBXHeadersBuildPhase section */

/* Begin PBXNativeTarget section */
		273A604C29E02F19007CA6F0 /* SwiftSignalKit */ = {
			isa = PBXNativeTarget;
			buildConfigurationList = 273A605429E02F1A007CA6F0 /* Build configuration list for PBXNativeTarget "SwiftSignalKit" */;
			buildPhases = (
				273A604829E02F19007CA6F0 /* Headers */,
				273A604929E02F19007CA6F0 /* Sources */,
				273A604A29E02F19007CA6F0 /* Frameworks */,
				273A604B29E02F19007CA6F0 /* Resources */,
			);
			buildRules = (
			);
			dependencies = (
			);
			name = SwiftSignalKit;
			productName = SwiftSignalKit;
			productReference = 273A604D29E02F19007CA6F0 /* SwiftSignalKit.framework */;
			productType = "com.apple.product-type.framework";
		};
/* End PBXNativeTarget section */

/* Begin PBXProject section */
		273A604429E02F19007CA6F0 /* Project object */ = {
			isa = PBXProject;
			attributes = {
				BuildIndependentTargetsInParallel = 1;
				LastUpgradeCheck = 1420;
				TargetAttributes = {
					273A604C29E02F19007CA6F0 = {
						CreatedOnToolsVersion = 14.2;
					};
				};
			};
			buildConfigurationList = 273A604729E02F19007CA6F0 /* Build configuration list for PBXProject "SwiftSignalKit" */;
			compatibilityVersion = "Xcode 14.0";
			developmentRegion = en;
			hasScannedForEncodings = 0;
			knownRegions = (
				en,
				Base,
			);
			mainGroup = 273A604329E02F19007CA6F0;
			productRefGroup = 273A604E29E02F19007CA6F0 /* Products */;
			projectDirPath = "";
			projectRoot = "";
			targets = (
				273A604C29E02F19007CA6F0 /* SwiftSignalKit */,
			);
		};
/* End PBXProject section */

/* Begin PBXResourcesBuildPhase section */
		273A604B29E02F19007CA6F0 /* Resources */ = {
			isa = PBXResourcesBuildPhase;
			buildActionMask = 2147483647;
			files = (
			);
			runOnlyForDeploymentPostprocessing = 0;
		};
/* End PBXResourcesBuildPhase section */

/* Begin PBXSourcesBuildPhase section */
		273A604929E02F19007CA6F0 /* Sources */ = {
			isa = PBXSourcesBuildPhase;
			buildActionMask = 2147483647;
			files = (
				273A607729E02F27007CA6F0 /* Signal_Merge.swift in Sources */,
				273A608629E02F27007CA6F0 /* ValuePipe.swift in Sources */,
				273A607E29E02F27007CA6F0 /* Multicast.swift in Sources */,
				273A607F29E02F27007CA6F0 /* Bag.swift in Sources */,
				273A608429E02F27007CA6F0 /* Queue.swift in Sources */,
				273A608529E02F27007CA6F0 /* Atomic.swift in Sources */,
				273A607D29E02F27007CA6F0 /* Disposable.swift in Sources */,
				273A608729E02F27007CA6F0 /* Signal_Loop.swift in Sources */,
				273A608829E02F27007CA6F0 /* Signal.swift in Sources */,
				273A607829E02F27007CA6F0 /* Signal_Mapping.swift in Sources */,
				273A608329E02F27007CA6F0 /* Promise.swift in Sources */,
				273A608A29E02F27007CA6F0 /* Signal_Timing.swift in Sources */,
				273A607629E02F27007CA6F0 /* Signal_Reduce.swift in Sources */,
				273A607229E02F27007CA6F0 /* Subscriber.swift in Sources */,
				273A607429E02F27007CA6F0 /* Signal_Catch.swift in Sources */,
				273A608029E02F27007CA6F0 /* Signal_Single.swift in Sources */,
				273A607C29E02F27007CA6F0 /* QueueLocalObject.swift in Sources */,
				273A607329E02F27007CA6F0 /* ThreadPool.swift in Sources */,
				273A608929E02F27007CA6F0 /* Signal_Combine.swift in Sources */,
				273A607A29E02F27007CA6F0 /* Timer.swift in Sources */,
				273A607B29E02F27007CA6F0 /* Signal_Dispatch.swift in Sources */,
				273A607929E02F27007CA6F0 /* Lock.swift in Sources */,
				273A608B29E02F27007CA6F0 /* Signal_Meta.swift in Sources */,
				273A608229E02F27007CA6F0 /* Signal_SideEffects.swift in Sources */,
				273A608129E02F27007CA6F0 /* Signal_Take.swift in Sources */,
				273A607529E02F27007CA6F0 /* Signal_Materialize.swift in Sources */,
			);
			runOnlyForDeploymentPostprocessing = 0;
		};
/* End PBXSourcesBuildPhase section */

/* Begin XCBuildConfiguration section */
		273A605229E02F1A007CA6F0 /* Debug */ = {
			isa = XCBuildConfiguration;
			buildSettings = {
				ALWAYS_SEARCH_USER_PATHS = NO;
				CLANG_ANALYZER_NONNULL = YES;
				CLANG_ANALYZER_NUMBER_OBJECT_CONVERSION = YES_AGGRESSIVE;
				CLANG_CXX_LANGUAGE_STANDARD = "gnu++20";
				CLANG_ENABLE_MODULES = YES;
				CLANG_ENABLE_OBJC_ARC = YES;
				CLANG_ENABLE_OBJC_WEAK = YES;
				CLANG_WARN_BLOCK_CAPTURE_AUTORELEASING = YES;
				CLANG_WARN_BOOL_CONVERSION = YES;
				CLANG_WARN_COMMA = YES;
				CLANG_WARN_CONSTANT_CONVERSION = YES;
				CLANG_WARN_DEPRECATED_OBJC_IMPLEMENTATIONS = YES;
				CLANG_WARN_DIRECT_OBJC_ISA_USAGE = YES_ERROR;
				CLANG_WARN_DOCUMENTATION_COMMENTS = YES;
				CLANG_WARN_EMPTY_BODY = YES;
				CLANG_WARN_ENUM_CONVERSION = YES;
				CLANG_WARN_INFINITE_RECURSION = YES;
				CLANG_WARN_INT_CONVERSION = YES;
				CLANG_WARN_NON_LITERAL_NULL_CONVERSION = YES;
				CLANG_WARN_OBJC_IMPLICIT_RETAIN_SELF = YES;
				CLANG_WARN_OBJC_LITERAL_CONVERSION = YES;
				CLANG_WARN_OBJC_ROOT_CLASS = YES_ERROR;
				CLANG_WARN_QUOTED_INCLUDE_IN_FRAMEWORK_HEADER = YES;
				CLANG_WARN_RANGE_LOOP_ANALYSIS = YES;
				CLANG_WARN_STRICT_PROTOTYPES = YES;
				CLANG_WARN_SUSPICIOUS_MOVE = YES;
				CLANG_WARN_UNGUARDED_AVAILABILITY = YES_AGGRESSIVE;
				CLANG_WARN_UNREACHABLE_CODE = YES;
				CLANG_WARN__DUPLICATE_METHOD_MATCH = YES;
				COPY_PHASE_STRIP = NO;
				CURRENT_PROJECT_VERSION = 1;
				DEBUG_INFORMATION_FORMAT = dwarf;
				ENABLE_STRICT_OBJC_MSGSEND = YES;
				ENABLE_TESTABILITY = YES;
				GCC_C_LANGUAGE_STANDARD = gnu11;
				GCC_DYNAMIC_NO_PIC = NO;
				GCC_NO_COMMON_BLOCKS = YES;
				GCC_OPTIMIZATION_LEVEL = 0;
				GCC_PREPROCESSOR_DEFINITIONS = (
					"DEBUG=1",
					"$(inherited)",
				);
				GCC_WARN_64_TO_32_BIT_CONVERSION = YES;
				GCC_WARN_ABOUT_RETURN_TYPE = YES_ERROR;
				GCC_WARN_UNDECLARED_SELECTOR = YES;
				GCC_WARN_UNINITIALIZED_AUTOS = YES_AGGRESSIVE;
				GCC_WARN_UNUSED_FUNCTION = YES;
				GCC_WARN_UNUSED_VARIABLE = YES;
				IPHONEOS_DEPLOYMENT_TARGET = 16.2;
				MTL_ENABLE_DEBUG_INFO = INCLUDE_SOURCE;
				MTL_FAST_MATH = YES;
				ONLY_ACTIVE_ARCH = YES;
				SDKROOT = iphoneos;
				SWIFT_ACTIVE_COMPILATION_CONDITIONS = DEBUG;
				SWIFT_OPTIMIZATION_LEVEL = "-Onone";
				VERSIONING_SYSTEM = "apple-generic";
				VERSION_INFO_PREFIX = "";
			};
			name = Debug;
		};
		273A605329E02F1A007CA6F0 /* Release */ = {
			isa = XCBuildConfiguration;
			buildSettings = {
				ALWAYS_SEARCH_USER_PATHS = NO;
				CLANG_ANALYZER_NONNULL = YES;
				CLANG_ANALYZER_NUMBER_OBJECT_CONVERSION = YES_AGGRESSIVE;
				CLANG_CXX_LANGUAGE_STANDARD = "gnu++20";
				CLANG_ENABLE_MODULES = YES;
				CLANG_ENABLE_OBJC_ARC = YES;
				CLANG_ENABLE_OBJC_WEAK = YES;
				CLANG_WARN_BLOCK_CAPTURE_AUTORELEASING = YES;
				CLANG_WARN_BOOL_CONVERSION = YES;
				CLANG_WARN_COMMA = YES;
				CLANG_WARN_CONSTANT_CONVERSION = YES;
				CLANG_WARN_DEPRECATED_OBJC_IMPLEMENTATIONS = YES;
				CLANG_WARN_DIRECT_OBJC_ISA_USAGE = YES_ERROR;
				CLANG_WARN_DOCUMENTATION_COMMENTS = YES;
				CLANG_WARN_EMPTY_BODY = YES;
				CLANG_WARN_ENUM_CONVERSION = YES;
				CLANG_WARN_INFINITE_RECURSION = YES;
				CLANG_WARN_INT_CONVERSION = YES;
				CLANG_WARN_NON_LITERAL_NULL_CONVERSION = YES;
				CLANG_WARN_OBJC_IMPLICIT_RETAIN_SELF = YES;
				CLANG_WARN_OBJC_LITERAL_CONVERSION = YES;
				CLANG_WARN_OBJC_ROOT_CLASS = YES_ERROR;
				CLANG_WARN_QUOTED_INCLUDE_IN_FRAMEWORK_HEADER = YES;
				CLANG_WARN_RANGE_LOOP_ANALYSIS = YES;
				CLANG_WARN_STRICT_PROTOTYPES = YES;
				CLANG_WARN_SUSPICIOUS_MOVE = YES;
				CLANG_WARN_UNGUARDED_AVAILABILITY = YES_AGGRESSIVE;
				CLANG_WARN_UNREACHABLE_CODE = YES;
				CLANG_WARN__DUPLICATE_METHOD_MATCH = YES;
				COPY_PHASE_STRIP = NO;
				CURRENT_PROJECT_VERSION = 1;
				DEBUG_INFORMATION_FORMAT = "dwarf-with-dsym";
				ENABLE_NS_ASSERTIONS = NO;
				ENABLE_STRICT_OBJC_MSGSEND = YES;
				GCC_C_LANGUAGE_STANDARD = gnu11;
				GCC_NO_COMMON_BLOCKS = YES;
				GCC_WARN_64_TO_32_BIT_CONVERSION = YES;
				GCC_WARN_ABOUT_RETURN_TYPE = YES_ERROR;
				GCC_WARN_UNDECLARED_SELECTOR = YES;
				GCC_WARN_UNINITIALIZED_AUTOS = YES_AGGRESSIVE;
				GCC_WARN_UNUSED_FUNCTION = YES;
				GCC_WARN_UNUSED_VARIABLE = YES;
				IPHONEOS_DEPLOYMENT_TARGET = 16.2;
				MTL_ENABLE_DEBUG_INFO = NO;
				MTL_FAST_MATH = YES;
				SDKROOT = iphoneos;
				SWIFT_COMPILATION_MODE = wholemodule;
				SWIFT_OPTIMIZATION_LEVEL = "-O";
				VALIDATE_PRODUCT = YES;
				VERSIONING_SYSTEM = "apple-generic";
				VERSION_INFO_PREFIX = "";
			};
			name = Release;
		};
		273A605529E02F1A007CA6F0 /* Debug */ = {
			isa = XCBuildConfiguration;
			buildSettings = {
				CODE_SIGN_STYLE = Automatic;
				CURRENT_PROJECT_VERSION = 1;
				DEFINES_MODULE = YES;
				DYLIB_COMPATIBILITY_VERSION = 1;
				DYLIB_CURRENT_VERSION = 1;
				DYLIB_INSTALL_NAME_BASE = "@rpath";
				EXCLUDED_ARCHS = "";
				"EXCLUDED_ARCHS[sdk=iphonesimulator*]" = arm64;
				GENERATE_INFOPLIST_FILE = YES;
				INFOPLIST_KEY_NSHumanReadableCopyright = "";
				INSTALL_PATH = "$(LOCAL_LIBRARY_DIR)/Frameworks";
				IPHONEOS_DEPLOYMENT_TARGET = 13.0;
				LD_RUNPATH_SEARCH_PATHS = (
					"$(inherited)",
					"@executable_path/Frameworks",
					"@loader_path/Frameworks",
				);
				MARKETING_VERSION = 1.0;
				PRODUCT_BUNDLE_IDENTIFIER = sinakh.ton.wallet.SwiftSignalKit;
				PRODUCT_NAME = "$(TARGET_NAME:c99extidentifier)";
				SKIP_INSTALL = YES;
				SWIFT_EMIT_LOC_STRINGS = YES;
				SWIFT_VERSION = 5.0;
				TARGETED_DEVICE_FAMILY = "1,2";
			};
			name = Debug;
		};
		273A605629E02F1A007CA6F0 /* Release */ = {
			isa = XCBuildConfiguration;
			buildSettings = {
				CODE_SIGN_STYLE = Automatic;
				CURRENT_PROJECT_VERSION = 1;
				DEFINES_MODULE = YES;
				DYLIB_COMPATIBILITY_VERSION = 1;
				DYLIB_CURRENT_VERSION = 1;
				DYLIB_INSTALL_NAME_BASE = "@rpath";
				GENERATE_INFOPLIST_FILE = YES;
				INFOPLIST_KEY_NSHumanReadableCopyright = "";
				INSTALL_PATH = "$(LOCAL_LIBRARY_DIR)/Frameworks";
				IPHONEOS_DEPLOYMENT_TARGET = 13.0;
				LD_RUNPATH_SEARCH_PATHS = (
					"$(inherited)",
					"@executable_path/Frameworks",
					"@loader_path/Frameworks",
				);
				MARKETING_VERSION = 1.0;
				PRODUCT_BUNDLE_IDENTIFIER = sinakh.ton.wallet.SwiftSignalKit;
				PRODUCT_NAME = "$(TARGET_NAME:c99extidentifier)";
				SKIP_INSTALL = YES;
				SWIFT_EMIT_LOC_STRINGS = YES;
				SWIFT_VERSION = 5.0;
				TARGETED_DEVICE_FAMILY = "1,2";
			};
			name = Release;
		};
/* End XCBuildConfiguration section */

/* Begin XCConfigurationList section */
		273A604729E02F19007CA6F0 /* Build configuration list for PBXProject "SwiftSignalKit" */ = {
			isa = XCConfigurationList;
			buildConfigurations = (
				273A605229E02F1A007CA6F0 /* Debug */,
				273A605329E02F1A007CA6F0 /* Release */,
			);
			defaultConfigurationIsVisible = 0;
			defaultConfigurationName = Release;
		};
		273A605429E02F1A007CA6F0 /* Build configuration list for PBXNativeTarget "SwiftSignalKit" */ = {
			isa = XCConfigurationList;
			buildConfigurations = (
				273A605529E02F1A007CA6F0 /* Debug */,
				273A605629E02F1A007CA6F0 /* Release */,
			);
			defaultConfigurationIsVisible = 0;
			defaultConfigurationName = Release;
		};
/* End XCConfigurationList section */
	};
	rootObject = 273A604429E02F19007CA6F0 /* Project object */;
}
